{
  "name": "audio-video-recorder",
  "version": "0.0.1",
  "lockfileVersion": 2,
  "requires": true,
  "packages": {
    "": {
      "name": "audio-video-recorder",
      "version": "0.0.1",
      "license": "MIT",
      "dependencies": {
        "bun": "^0.6.7"
      },
      "devDependencies": {
        "@types/node": "20.2.5",
        "mkcert": "1.5.1",
        "typescript": "5.1.3"
      }
    },
    "node_modules/@oven/bun-darwin-aarch64": {
      "version": "0.6.7",
      "resolved": "https://registry.npmjs.org/@oven/bun-darwin-aarch64/-/bun-darwin-aarch64-0.6.7.tgz",
      "integrity": "sha512-q6PxhlwGsJjvYPGIj1tUNRg9BLykE5XcqwoFq2aMz3S27ob8m2O9WR8EWWOTb9TYhBt/4f7OMH96lgeCJCQeJA==",
      "cpu": [
        "arm64"
      ],
      "optional": true,
      "os": [
        "darwin"
      ]
    },
    "node_modules/@oven/bun-darwin-x64": {
      "version": "0.6.7",
      "resolved": "https://registry.npmjs.org/@oven/bun-darwin-x64/-/bun-darwin-x64-0.6.7.tgz",
      "integrity": "sha512-Yy3LCWhOtG/OhdEFNgIXm6oxu+lCI6yEUjwBmZvuXWtuwPC61E+vyjcQOpxVm5qDQ/tFXQ1T6+es9h8icVYQ8w==",
      "cpu": [
        "x64"
      ],
      "optional": true,
      "os": [
        "darwin"
      ]
    },
    "node_modules/@oven/bun-darwin-x64-baseline": {
      "version": "0.6.7",
      "resolved": "https://registry.npmjs.org/@oven/bun-darwin-x64-baseline/-/bun-darwin-x64-baseline-0.6.7.tgz",
      "integrity": "sha512-dccQJa0IPTWIMo/EHce7pTRgeByL6l1rD03upqFvLx8JrMtMM2BVLV8ojXOqL6I1g9hrnoX36zTQdMzgZzslqA==",
      "cpu": [
        "x64"
      ],
      "optional": true,
      "os": [
        "darwin"
      ]
    },
    "node_modules/@oven/bun-linux-aarch64": {
      "version": "0.6.7",
      "resolved": "https://registry.npmjs.org/@oven/bun-linux-aarch64/-/bun-linux-aarch64-0.6.7.tgz",
      "integrity": "sha512-kiIlif+B44SAalxJ/AJFDPZbKyU6lCBmLTr/ZNz6ZTc40zYNdVVKjYyLYksmc5dAGSxMLjTb3emLUlyhEXaiVg==",
      "cpu": [
        "arm64"
      ],
      "optional": true,
      "os": [
        "linux"
      ]
    },
    "node_modules/@oven/bun-linux-x64": {
      "version": "0.6.7",
      "resolved": "https://registry.npmjs.org/@oven/bun-linux-x64/-/bun-linux-x64-0.6.7.tgz",
      "integrity": "sha512-ExAEosQ0WOn6Y7w05RoTZfOl1H6XZgs/fiD/P88R52WVlLmBD12R5das4Jk8jwAvzUAaxKkO9MjhHURgopWH7Q==",
      "cpu": [
        "x64"
      ],
      "optional": true,
      "os": [
        "linux"
      ]
    },
    "node_modules/@oven/bun-linux-x64-baseline": {
      "version": "0.6.7",
      "resolved": "https://registry.npmjs.org/@oven/bun-linux-x64-baseline/-/bun-linux-x64-baseline-0.6.7.tgz",
      "integrity": "sha512-IY1iPQNBRDeggBjySJwb80JNxWciN+iPMbYJkK5hjXJRkeipkbY4zbESI1Y0Yf5PWLZnuJ6v3YLeLyMgLIX/hw==",
      "cpu": [
        "x64"
      ],
      "optional": true,
      "os": [
        "linux"
      ]
    },
    "node_modules/@types/node": {
      "version": "20.2.5",
      "resolved": "https://registry.npmjs.org/@types/node/-/node-20.2.5.tgz",
      "integrity": "sha512-JJulVEQXmiY9Px5axXHeYGLSjhkZEnD+MDPDGbCbIAbMslkKwmygtZFy1X6s/075Yo94sf8GuSlFfPzysQrWZQ==",
      "dev": true
    },
    "node_modules/bun": {
      "version": "0.6.7",
      "resolved": "https://registry.npmjs.org/bun/-/bun-0.6.7.tgz",
      "integrity": "sha512-emvnm2D8jMlbmbGLFO6wEUOo9u5RDlOFdIEcp967u0w6HpLiWhKQpPClocjahFBS+JXVRCDTJW+a+LqjlVGcNw==",
      "cpu": [
        "arm64",
        "x64"
      ],
      "hasInstallScript": true,
      "os": [
        "darwin",
        "linux"
      ],
      "bin": {
        "bun": "bin/bun",
        "bunx": "bin/bun"
      },
      "optionalDependencies": {
        "@oven/bun-darwin-aarch64": "0.6.7",
        "@oven/bun-darwin-x64": "0.6.7",
        "@oven/bun-darwin-x64-baseline": "0.6.7",
        "@oven/bun-linux-aarch64": "0.6.7",
        "@oven/bun-linux-x64": "0.6.7",
        "@oven/bun-linux-x64-baseline": "0.6.7"
      }
    },
    "node_modules/commander": {
      "version": "9.5.0",
      "resolved": "https://registry.npmjs.org/commander/-/commander-9.5.0.tgz",
      "integrity": "sha512-KRs7WVDKg86PWiuAqhDrAQnTXZKraVcCc6vFdL14qrZ/DcWwuRo7VoiYXalXO7S5GKpqYiVEwCbgFDfxNHKJBQ==",
      "dev": true,
      "engines": {
        "node": "^12.20.0 || >=14"
      }
    },
    "node_modules/ip-regex": {
      "version": "4.3.0",
      "resolved": "https://registry.npmjs.org/ip-regex/-/ip-regex-4.3.0.tgz",
      "integrity": "sha512-B9ZWJxHHOHUhUjCPrMpLD4xEq35bUTClHM1S6CBU5ixQnkZmwipwgc96vAd7AAGM9TGHvJR+Uss+/Ak6UphK+Q==",
      "dev": true,
      "engines": {
        "node": ">=8"
      }
    },
    "node_modules/mkcert": {
      "version": "1.5.1",
      "resolved": "https://registry.npmjs.org/mkcert/-/mkcert-1.5.1.tgz",
      "integrity": "sha512-MHOmridCutIIPMKvaQwueIAo+lsHPyO0WotbGIOq5V4mPywrjtOPlzdS/kgk/2vjRELWv4OrDSKo4KA8H7VARw==",
      "dev": true,
      "dependencies": {
        "commander": "^9.4.0",
        "ip-regex": "^4.3.0",
        "node-forge": "^1.3.1"
      },
      "bin": {
        "mkcert": "src/cli.js"
      },
      "engines": {
        "node": ">=12"
      }
    },
    "node_modules/node-forge": {
      "version": "1.3.1",
      "resolved": "https://registry.npmjs.org/node-forge/-/node-forge-1.3.1.tgz",
      "integrity": "sha512-dPEtOeMvF9VMcYV/1Wb8CPoVAXtp6MKMlcbAt4ddqmGqUJ6fQZFXkNZNkNlfevtNkGtaSoXf/vNNNSvgrdXwtA==",
      "dev": true,
      "engines": {
        "node": ">= 6.13.0"
      }
    },
    "node_modules/typescript": {
      "version": "5.1.3",
      "resolved": "https://registry.npmjs.org/typescript/-/typescript-5.1.3.tgz",
      "integrity": "sha512-XH627E9vkeqhlZFQuL+UsyAXEnibT0kWR2FWONlr4sTjvxyJYnyefgrkyECLzM5NenmKzRAy2rR/OlYLA1HkZw==",
      "dev": true,
      "bin": {
        "tsc": "bin/tsc",
        "tsserver": "bin/tsserver"
      },
      "engines": {
        "node": ">=14.17"
      }
    }
  },
  "dependencies": {
    "@oven/bun-darwin-aarch64": {
      "version": "0.6.7",
      "resolved": "https://registry.npmjs.org/@oven/bun-darwin-aarch64/-/bun-darwin-aarch64-0.6.7.tgz",
      "integrity": "sha512-q6PxhlwGsJjvYPGIj1tUNRg9BLykE5XcqwoFq2aMz3S27ob8m2O9WR8EWWOTb9TYhBt/4f7OMH96lgeCJCQeJA==",
      "optional": true
    },
    "@oven/bun-darwin-x64": {
      "version": "0.6.7",
      "resolved": "https://registry.npmjs.org/@oven/bun-darwin-x64/-/bun-darwin-x64-0.6.7.tgz",
      "integrity": "sha512-Yy3LCWhOtG/OhdEFNgIXm6oxu+lCI6yEUjwBmZvuXWtuwPC61E+vyjcQOpxVm5qDQ/tFXQ1T6+es9h8icVYQ8w==",
      "optional": true
    },
    "@oven/bun-darwin-x64-baseline": {
      "version": "0.6.7",
      "resolved": "https://registry.npmjs.org/@oven/bun-darwin-x64-baseline/-/bun-darwin-x64-baseline-0.6.7.tgz",
      "integrity": "sha512-dccQJa0IPTWIMo/EHce7pTRgeByL6l1rD03upqFvLx8JrMtMM2BVLV8ojXOqL6I1g9hrnoX36zTQdMzgZzslqA==",
      "optional": true
    },
    "@oven/bun-linux-aarch64": {
      "version": "0.6.7",
      "resolved": "https://registry.npmjs.org/@oven/bun-linux-aarch64/-/bun-linux-aarch64-0.6.7.tgz",
      "integrity": "sha512-kiIlif+B44SAalxJ/AJFDPZbKyU6lCBmLTr/ZNz6ZTc40zYNdVVKjYyLYksmc5dAGSxMLjTb3emLUlyhEXaiVg==",
      "optional": true
    },
    "@oven/bun-linux-x64": {
      "version": "0.6.7",
      "resolved": "https://registry.npmjs.org/@oven/bun-linux-x64/-/bun-linux-x64-0.6.7.tgz",
      "integrity": "sha512-ExAEosQ0WOn6Y7w05RoTZfOl1H6XZgs/fiD/P88R52WVlLmBD12R5das4Jk8jwAvzUAaxKkO9MjhHURgopWH7Q==",
      "optional": true
    },
    "@oven/bun-linux-x64-baseline": {
      "version": "0.6.7",
      "resolved": "https://registry.npmjs.org/@oven/bun-linux-x64-baseline/-/bun-linux-x64-baseline-0.6.7.tgz",
      "integrity": "sha512-IY1iPQNBRDeggBjySJwb80JNxWciN+iPMbYJkK5hjXJRkeipkbY4zbESI1Y0Yf5PWLZnuJ6v3YLeLyMgLIX/hw==",
      "optional": true
    },
    "@types/node": {
      "version": "20.2.5",
      "resolved": "https://registry.npmjs.org/@types/node/-/node-20.2.5.tgz",
      "integrity": "sha512-JJulVEQXmiY9Px5axXHeYGLSjhkZEnD+MDPDGbCbIAbMslkKwmygtZFy1X6s/075Yo94sf8GuSlFfPzysQrWZQ==",
      "dev": true
    },
    "bun": {
      "version": "0.6.7",
      "resolved": "https://registry.npmjs.org/bun/-/bun-0.6.7.tgz",
      "integrity": "sha512-emvnm2D8jMlbmbGLFO6wEUOo9u5RDlOFdIEcp967u0w6HpLiWhKQpPClocjahFBS+JXVRCDTJW+a+LqjlVGcNw==",
      "requires": {
        "@oven/bun-darwin-aarch64": "0.6.7",
        "@oven/bun-darwin-x64": "0.6.7",
        "@oven/bun-darwin-x64-baseline": "0.6.7",
        "@oven/bun-linux-aarch64": "0.6.7",
        "@oven/bun-linux-x64": "0.6.7",
        "@oven/bun-linux-x64-baseline": "0.6.7"
      }
    },
    "commander": {
      "version": "9.5.0",
      "resolved": "https://registry.npmjs.org/commander/-/commander-9.5.0.tgz",
      "integrity": "sha512-KRs7WVDKg86PWiuAqhDrAQnTXZKraVcCc6vFdL14qrZ/DcWwuRo7VoiYXalXO7S5GKpqYiVEwCbgFDfxNHKJBQ==",
      "dev": true
    },
    "ip-regex": {
      "version": "4.3.0",
      "resolved": "https://registry.npmjs.org/ip-regex/-/ip-regex-4.3.0.tgz",
      "integrity": "sha512-B9ZWJxHHOHUhUjCPrMpLD4xEq35bUTClHM1S6CBU5ixQnkZmwipwgc96vAd7AAGM9TGHvJR+Uss+/Ak6UphK+Q==",
      "dev": true
    },
    "mkcert": {
      "version": "1.5.1",
      "resolved": "https://registry.npmjs.org/mkcert/-/mkcert-1.5.1.tgz",
      "integrity": "sha512-MHOmridCutIIPMKvaQwueIAo+lsHPyO0WotbGIOq5V4mPywrjtOPlzdS/kgk/2vjRELWv4OrDSKo4KA8H7VARw==",
      "dev": true,
      "requires": {
        "commander": "^9.4.0",
        "ip-regex": "^4.3.0",
        "node-forge": "^1.3.1"
      }
    },
    "node-forge": {
      "version": "1.3.1",
      "resolved": "https://registry.npmjs.org/node-forge/-/node-forge-1.3.1.tgz",
      "integrity": "sha512-dPEtOeMvF9VMcYV/1Wb8CPoVAXtp6MKMlcbAt4ddqmGqUJ6fQZFXkNZNkNlfevtNkGtaSoXf/vNNNSvgrdXwtA==",
      "dev": true
    },
    "typescript": {
      "version": "5.1.3",
      "resolved": "https://registry.npmjs.org/typescript/-/typescript-5.1.3.tgz",
      "integrity": "sha512-XH627E9vkeqhlZFQuL+UsyAXEnibT0kWR2FWONlr4sTjvxyJYnyefgrkyECLzM5NenmKzRAy2rR/OlYLA1HkZw==",
      "dev": true
    }
  }
}
